// !$*UTF8*$!
{
	archiveVersion = 1;
	classes = {
	};
	objectVersion = 46;
	objects = {

/* Begin PBXBuildFile section */
		7854A08215B9202700026D40 /* Cocoa.framework in Frameworks */ = {isa = PBXBuildFile; fileRef = 7854A08115B9202700026D40 /* Cocoa.framework */; };
		7854A08C15B9202700026D40 /* InfoPlist.strings in Resources */ = {isa = PBXBuildFile; fileRef = 7854A08A15B9202700026D40 /* InfoPlist.strings */; };
		7854A08E15B9202700026D40 /* main.m in Sources */ = {isa = PBXBuildFile; fileRef = 7854A08D15B9202700026D40 /* main.m */; };
		7854A09215B9202700026D40 /* Credits.rtf in Resources */ = {isa = PBXBuildFile; fileRef = 7854A09015B9202700026D40 /* Credits.rtf */; };
		7854A09515B9202700026D40 /* AppDelegate.m in Sources */ = {isa = PBXBuildFile; fileRef = 7854A09415B9202700026D40 /* AppDelegate.m */; };
		785F598A15BCC2020061FBC7 /* pauseHighlight.png in Resources */ = {isa = PBXBuildFile; fileRef = 785F598215BCC2020061FBC7 /* pauseHighlight.png */; };
		785F598B15BCC2020061FBC7 /* pauseHighlight@2x.png in Resources */ = {isa = PBXBuildFile; fileRef = 785F598315BCC2020061FBC7 /* pauseHighlight@2x.png */; };
		785F598C15BCC2020061FBC7 /* play.png in Resources */ = {isa = PBXBuildFile; fileRef = 785F598415BCC2020061FBC7 /* play.png */; };
		785F598D15BCC2020061FBC7 /* play@2x.png in Resources */ = {isa = PBXBuildFile; fileRef = 785F598515BCC2020061FBC7 /* play@2x.png */; };
		785F598E15BCC2020061FBC7 /* playHighlight.png in Resources */ = {isa = PBXBuildFile; fileRef = 785F598615BCC2020061FBC7 /* playHighlight.png */; };
		785F598F15BCC2020061FBC7 /* playHighlight@2x.png in Resources */ = {isa = PBXBuildFile; fileRef = 785F598715BCC2020061FBC7 /* playHighlight@2x.png */; };
		785F599515BE74E80061FBC7 /* noteHighlight@2x.png in Resources */ = {isa = PBXBuildFile; fileRef = 785F599315BE74E80061FBC7 /* noteHighlight@2x.png */; };
		785F599615BE74E80061FBC7 /* note@2x.png in Resources */ = {isa = PBXBuildFile; fileRef = 785F599415BE74E80061FBC7 /* note@2x.png */; };
		785F599A15BE75E30061FBC7 /* noteHighlight.png in Resources */ = {isa = PBXBuildFile; fileRef = 785F599815BE75E30061FBC7 /* noteHighlight.png */; };
		785F599E15BE76D60061FBC7 /* note.png in Resources */ = {isa = PBXBuildFile; fileRef = 785F599D15BE76D60061FBC7 /* note.png */; };
		78690BA115C12C6E00E383A9 /* DefaultPreferences.plist in Resources */ = {isa = PBXBuildFile; fileRef = 78690BA015C12C6E00E383A9 /* DefaultPreferences.plist */; };
		786F152815BE935F004C36B1 /* FormatStringView.m in Sources */ = {isa = PBXBuildFile; fileRef = 786F152715BE935F004C36B1 /* FormatStringView.m */; };
		7874867A15B9396F0059D593 /* UI Elements.xib in Resources */ = {isa = PBXBuildFile; fileRef = 7874867815B9396F0059D593 /* UI Elements.xib */; };
		7874867E15B942530059D593 /* ScrollingTextView.m in Sources */ = {isa = PBXBuildFile; fileRef = 7874867D15B942530059D593 /* ScrollingTextView.m */; };
		788B5F8615BBF631006D8691 /* ScriptingBridge.framework in Frameworks */ = {isa = PBXBuildFile; fileRef = 788B5F8515BBF631006D8691 /* ScriptingBridge.framework */; };
		788FFCAB15C3A96F00C6182E /* FormatStringModel.m in Sources */ = {isa = PBXBuildFile; fileRef = 788FFCAA15C3A96F00C6182E /* FormatStringModel.m */; };
		788FFCAF15C46A6700C6182E /* DisplayModel.m in Sources */ = {isa = PBXBuildFile; fileRef = 788FFCAE15C46A6700C6182E /* DisplayModel.m */; };
		788FFCB215C46C6F00C6182E /* DisplayController.m in Sources */ = {isa = PBXBuildFile; fileRef = 788FFCB115C46C6F00C6182E /* DisplayController.m */; };
		788FFCB515C46E2A00C6182E /* FormatStringController.m in Sources */ = {isa = PBXBuildFile; fileRef = 788FFCB415C46E2A00C6182E /* FormatStringController.m */; };
		78FC2E4415BE77AB00293304 /* pause.png in Resources */ = {isa = PBXBuildFile; fileRef = 78FC2E4215BE77AB00293304 /* pause.png */; };
		78FC2E4515BE77AB00293304 /* pause@2x.png in Resources */ = {isa = PBXBuildFile; fileRef = 78FC2E4315BE77AB00293304 /* pause@2x.png */; };
		78FC2E4815BE791100293304 /* PlayerControlView.m in Sources */ = {isa = PBXBuildFile; fileRef = 78FC2E4715BE791100293304 /* PlayerControlView.m */; };
		78FC2E5715BE8F1E00293304 /* MAAttachedWindow.m in Sources */ = {isa = PBXBuildFile; fileRef = 78FC2E5115BE8C0F00293304 /* MAAttachedWindow.m */; settings = {COMPILER_FLAGS = "-fno-objc-arc"; }; };
		78FE49AC15C48C2200D68AFF /* PlayerModel.m in Sources */ = {isa = PBXBuildFile; fileRef = 78FE49AB15C48C2200D68AFF /* PlayerModel.m */; };
		78FE49B115C4AC3100D68AFF /* PlayerController.m in Sources */ = {isa = PBXBuildFile; fileRef = 78FE49B015C4AC3100D68AFF /* PlayerController.m */; };
/* End PBXBuildFile section */

/* Begin PBXFileReference section */
		7854A07D15B9202700026D40 /* Bar Tunes.app */ = {isa = PBXFileReference; explicitFileType = wrapper.application; includeInIndex = 0; path = "Bar Tunes.app"; sourceTree = BUILT_PRODUCTS_DIR; };
		7854A08115B9202700026D40 /* Cocoa.framework */ = {isa = PBXFileReference; lastKnownFileType = wrapper.framework; name = Cocoa.framework; path = System/Library/Frameworks/Cocoa.framework; sourceTree = SDKROOT; };
		7854A08415B9202700026D40 /* AppKit.framework */ = {isa = PBXFileReference; lastKnownFileType = wrapper.framework; name = AppKit.framework; path = System/Library/Frameworks/AppKit.framework; sourceTree = SDKROOT; };
		7854A08515B9202700026D40 /* CoreData.framework */ = {isa = PBXFileReference; lastKnownFileType = wrapper.framework; name = CoreData.framework; path = System/Library/Frameworks/CoreData.framework; sourceTree = SDKROOT; };
		7854A08615B9202700026D40 /* Foundation.framework */ = {isa = PBXFileReference; lastKnownFileType = wrapper.framework; name = Foundation.framework; path = System/Library/Frameworks/Foundation.framework; sourceTree = SDKROOT; };
		7854A08915B9202700026D40 /* Bar Tunes-Info.plist */ = {isa = PBXFileReference; lastKnownFileType = text.plist.xml; path = "Bar Tunes-Info.plist"; sourceTree = "<group>"; };
		7854A08B15B9202700026D40 /* en */ = {isa = PBXFileReference; lastKnownFileType = text.plist.strings; name = en; path = en.lproj/InfoPlist.strings; sourceTree = "<group>"; };
		7854A08D15B9202700026D40 /* main.m */ = {isa = PBXFileReference; lastKnownFileType = sourcecode.c.objc; path = main.m; sourceTree = "<group>"; };
		7854A08F15B9202700026D40 /* Bar Tunes-Prefix.pch */ = {isa = PBXFileReference; lastKnownFileType = sourcecode.c.h; path = "Bar Tunes-Prefix.pch"; sourceTree = "<group>"; };
		7854A09115B9202700026D40 /* en */ = {isa = PBXFileReference; lastKnownFileType = text.rtf; name = en; path = en.lproj/Credits.rtf; sourceTree = "<group>"; };
		7854A09315B9202700026D40 /* AppDelegate.h */ = {isa = PBXFileReference; lastKnownFileType = sourcecode.c.h; path = AppDelegate.h; sourceTree = "<group>"; };
		7854A09415B9202700026D40 /* AppDelegate.m */ = {isa = PBXFileReference; lastKnownFileType = sourcecode.c.objc; path = AppDelegate.m; sourceTree = "<group>"; };
		7854A09F15B9202800026D40 /* SenTestingKit.framework */ = {isa = PBXFileReference; lastKnownFileType = wrapper.framework; name = SenTestingKit.framework; path = Library/Frameworks/SenTestingKit.framework; sourceTree = DEVELOPER_DIR; };
		785F598215BCC2020061FBC7 /* pauseHighlight.png */ = {isa = PBXFileReference; lastKnownFileType = image.png; path = pauseHighlight.png; sourceTree = "<group>"; };
		785F598315BCC2020061FBC7 /* pauseHighlight@2x.png */ = {isa = PBXFileReference; lastKnownFileType = image.png; path = "pauseHighlight@2x.png"; sourceTree = "<group>"; };
		785F598415BCC2020061FBC7 /* play.png */ = {isa = PBXFileReference; lastKnownFileType = image.png; path = play.png; sourceTree = "<group>"; };
		785F598515BCC2020061FBC7 /* play@2x.png */ = {isa = PBXFileReference; lastKnownFileType = image.png; path = "play@2x.png"; sourceTree = "<group>"; };
		785F598615BCC2020061FBC7 /* playHighlight.png */ = {isa = PBXFileReference; lastKnownFileType = image.png; path = playHighlight.png; sourceTree = "<group>"; };
		785F598715BCC2020061FBC7 /* playHighlight@2x.png */ = {isa = PBXFileReference; lastKnownFileType = image.png; path = "playHighlight@2x.png"; sourceTree = "<group>"; };
		785F599115BD1E410061FBC7 /* Spotify.h */ = {isa = PBXFileReference; lastKnownFileType = sourcecode.c.h; path = Spotify.h; sourceTree = "<group>"; };
		785F599315BE74E80061FBC7 /* noteHighlight@2x.png */ = {isa = PBXFileReference; lastKnownFileType = image.png; path = "noteHighlight@2x.png"; sourceTree = "<group>"; };
		785F599415BE74E80061FBC7 /* note@2x.png */ = {isa = PBXFileReference; lastKnownFileType = image.png; path = "note@2x.png"; sourceTree = "<group>"; };
		785F599815BE75E30061FBC7 /* noteHighlight.png */ = {isa = PBXFileReference; lastKnownFileType = image.png; path = noteHighlight.png; sourceTree = "<group>"; };
		785F599D15BE76D60061FBC7 /* note.png */ = {isa = PBXFileReference; lastKnownFileType = image.png; path = note.png; sourceTree = "<group>"; };
		78690BA015C12C6E00E383A9 /* DefaultPreferences.plist */ = {isa = PBXFileReference; fileEncoding = 4; lastKnownFileType = text.plist.xml; path = DefaultPreferences.plist; sourceTree = "<group>"; };
		786F152615BE935F004C36B1 /* FormatStringView.h */ = {isa = PBXFileReference; fileEncoding = 4; lastKnownFileType = sourcecode.c.h; path = FormatStringView.h; sourceTree = "<group>"; };
		786F152715BE935F004C36B1 /* FormatStringView.m */ = {isa = PBXFileReference; fileEncoding = 4; lastKnownFileType = sourcecode.c.objc; path = FormatStringView.m; sourceTree = "<group>"; };
		786F154D15BFE07A004C36B1 /* NSStatusBar+Undocumented.h */ = {isa = PBXFileReference; fileEncoding = 4; lastKnownFileType = sourcecode.c.h; path = "NSStatusBar+Undocumented.h"; sourceTree = "<group>"; };
		7874867915B9396F0059D593 /* en */ = {isa = PBXFileReference; lastKnownFileType = file.xib; name = en; path = "en.lproj/UI Elements.xib"; sourceTree = "<group>"; };
		7874867C15B942530059D593 /* ScrollingTextView.h */ = {isa = PBXFileReference; fileEncoding = 4; lastKnownFileType = sourcecode.c.h; path = ScrollingTextView.h; sourceTree = "<group>"; };
		7874867D15B942530059D593 /* ScrollingTextView.m */ = {isa = PBXFileReference; fileEncoding = 4; lastKnownFileType = sourcecode.c.objc; path = ScrollingTextView.m; sourceTree = "<group>"; };
		788B5F8415BBF59C006D8691 /* iTunes.h */ = {isa = PBXFileReference; fileEncoding = 4; lastKnownFileType = sourcecode.c.h; path = iTunes.h; sourceTree = "<group>"; };
		788B5F8515BBF631006D8691 /* ScriptingBridge.framework */ = {isa = PBXFileReference; lastKnownFileType = wrapper.framework; name = ScriptingBridge.framework; path = ../../../../../System/Library/Frameworks/ScriptingBridge.framework; sourceTree = "<group>"; };
		788FFCA915C3A96F00C6182E /* FormatStringModel.h */ = {isa = PBXFileReference; fileEncoding = 4; lastKnownFileType = sourcecode.c.h; path = FormatStringModel.h; sourceTree = "<group>"; };
		788FFCAA15C3A96F00C6182E /* FormatStringModel.m */ = {isa = PBXFileReference; fileEncoding = 4; lastKnownFileType = sourcecode.c.objc; path = FormatStringModel.m; sourceTree = "<group>"; };
		788FFCAD15C46A6700C6182E /* DisplayModel.h */ = {isa = PBXFileReference; fileEncoding = 4; lastKnownFileType = sourcecode.c.h; path = DisplayModel.h; sourceTree = "<group>"; };
		788FFCAE15C46A6700C6182E /* DisplayModel.m */ = {isa = PBXFileReference; fileEncoding = 4; lastKnownFileType = sourcecode.c.objc; path = DisplayModel.m; sourceTree = "<group>"; };
		788FFCB015C46C6F00C6182E /* DisplayController.h */ = {isa = PBXFileReference; fileEncoding = 4; lastKnownFileType = sourcecode.c.h; path = DisplayController.h; sourceTree = "<group>"; };
		788FFCB115C46C6F00C6182E /* DisplayController.m */ = {isa = PBXFileReference; fileEncoding = 4; lastKnownFileType = sourcecode.c.objc; path = DisplayController.m; sourceTree = "<group>"; };
		788FFCB315C46E2A00C6182E /* FormatStringController.h */ = {isa = PBXFileReference; fileEncoding = 4; lastKnownFileType = sourcecode.c.h; path = FormatStringController.h; sourceTree = "<group>"; };
		788FFCB415C46E2A00C6182E /* FormatStringController.m */ = {isa = PBXFileReference; fileEncoding = 4; lastKnownFileType = sourcecode.c.objc; path = FormatStringController.m; sourceTree = "<group>"; };
		788FFCB715C46F7000C6182E /* FormatStringPackage.h */ = {isa = PBXFileReference; lastKnownFileType = sourcecode.c.h; path = FormatStringPackage.h; sourceTree = "<group>"; };
		78FC2E4215BE77AB00293304 /* pause.png */ = {isa = PBXFileReference; lastKnownFileType = image.png; path = pause.png; sourceTree = "<group>"; };
		78FC2E4315BE77AB00293304 /* pause@2x.png */ = {isa = PBXFileReference; lastKnownFileType = image.png; path = "pause@2x.png"; sourceTree = "<group>"; };
		78FC2E4615BE791100293304 /* PlayerControlView.h */ = {isa = PBXFileReference; fileEncoding = 4; lastKnownFileType = sourcecode.c.h; path = PlayerControlView.h; sourceTree = "<group>"; };
		78FC2E4715BE791100293304 /* PlayerControlView.m */ = {isa = PBXFileReference; fileEncoding = 4; lastKnownFileType = sourcecode.c.objc; path = PlayerControlView.m; sourceTree = "<group>"; };
		78FC2E5015BE8C0F00293304 /* MAAttachedWindow.h */ = {isa = PBXFileReference; lastKnownFileType = sourcecode.c.h; path = MAAttachedWindow.h; sourceTree = "<group>"; };
		78FC2E5115BE8C0F00293304 /* MAAttachedWindow.m */ = {isa = PBXFileReference; lastKnownFileType = sourcecode.c.objc; path = MAAttachedWindow.m; sourceTree = "<group>"; };
		78FE49A915C4773200D68AFF /* DisplayPackage.h */ = {isa = PBXFileReference; lastKnownFileType = sourcecode.c.h; path = DisplayPackage.h; sourceTree = "<group>"; };
		78FE49AA15C48C2200D68AFF /* PlayerModel.h */ = {isa = PBXFileReference; fileEncoding = 4; lastKnownFileType = sourcecode.c.h; path = PlayerModel.h; sourceTree = "<group>"; };
		78FE49AB15C48C2200D68AFF /* PlayerModel.m */ = {isa = PBXFileReference; fileEncoding = 4; lastKnownFileType = sourcecode.c.objc; path = PlayerModel.m; sourceTree = "<group>"; };
		78FE49AD15C48DCD00D68AFF /* PlayerPackage.h */ = {isa = PBXFileReference; lastKnownFileType = sourcecode.c.h; path = PlayerPackage.h; sourceTree = "<group>"; };
		78FE49AF15C4AC3100D68AFF /* PlayerController.h */ = {isa = PBXFileReference; fileEncoding = 4; lastKnownFileType = sourcecode.c.h; path = PlayerController.h; sourceTree = "<group>"; };
		78FE49B015C4AC3100D68AFF /* PlayerController.m */ = {isa = PBXFileReference; fileEncoding = 4; lastKnownFileType = sourcecode.c.objc; path = PlayerController.m; sourceTree = "<group>"; };
/* End PBXFileReference section */

/* Begin PBXFrameworksBuildPhase section */
		7854A07A15B9202700026D40 /* Frameworks */ = {
			isa = PBXFrameworksBuildPhase;
			buildActionMask = 2147483647;
			files = (
				7854A08215B9202700026D40 /* Cocoa.framework in Frameworks */,
				788B5F8615BBF631006D8691 /* ScriptingBridge.framework in Frameworks */,
			);
			runOnlyForDeploymentPostprocessing = 0;
		};
/* End PBXFrameworksBuildPhase section */

/* Begin PBXGroup section */
		7854A07215B9202700026D40 = {
			isa = PBXGroup;
			children = (
				7854A08715B9202700026D40 /* Bar Tunes */,
				7854A08015B9202700026D40 /* Frameworks */,
				7854A07E15B9202700026D40 /* Products */,
			);
			sourceTree = "<group>";
		};
		7854A07E15B9202700026D40 /* Products */ = {
			isa = PBXGroup;
			children = (
				7854A07D15B9202700026D40 /* Bar Tunes.app */,
			);
			name = Products;
			sourceTree = "<group>";
		};
		7854A08015B9202700026D40 /* Frameworks */ = {
			isa = PBXGroup;
			children = (
				7854A08115B9202700026D40 /* Cocoa.framework */,
				7854A09F15B9202800026D40 /* SenTestingKit.framework */,
				7854A08315B9202700026D40 /* Other Frameworks */,
			);
			name = Frameworks;
			sourceTree = "<group>";
		};
		7854A08315B9202700026D40 /* Other Frameworks */ = {
			isa = PBXGroup;
			children = (
				788B5F8515BBF631006D8691 /* ScriptingBridge.framework */,
				7854A08415B9202700026D40 /* AppKit.framework */,
				7854A08515B9202700026D40 /* CoreData.framework */,
				7854A08615B9202700026D40 /* Foundation.framework */,
			);
			name = "Other Frameworks";
			sourceTree = "<group>";
		};
		7854A08715B9202700026D40 /* Bar Tunes */ = {
			isa = PBXGroup;
			children = (
				7854A09315B9202700026D40 /* AppDelegate.h */,
				7854A09415B9202700026D40 /* AppDelegate.m */,
				7874867815B9396F0059D593 /* UI Elements.xib */,
				78FE49A815C4771400D68AFF /* Display Component */,
				78FE49AE15C48DF300D68AFF /* Player Component */,
				788FFCB615C46F5200C6182E /* Format String Component */,
				786F152D15BFA0BE004C36B1 /* Library */,
				785F597F15BCC2020061FBC7 /* Status Icons */,
				7854A08815B9202700026D40 /* Supporting Files */,
			);
			name = "Bar Tunes";
			path = "Song Ticker";
			sourceTree = "<group>";
		};
		7854A08815B9202700026D40 /* Supporting Files */ = {
			isa = PBXGroup;
			children = (
				7854A08915B9202700026D40 /* Bar Tunes-Info.plist */,
				7854A08A15B9202700026D40 /* InfoPlist.strings */,
				7854A08D15B9202700026D40 /* main.m */,
				7854A08F15B9202700026D40 /* Bar Tunes-Prefix.pch */,
				7854A09015B9202700026D40 /* Credits.rtf */,
				78690BA015C12C6E00E383A9 /* DefaultPreferences.plist */,
			);
			name = "Supporting Files";
			sourceTree = "<group>";
		};
		785F597F15BCC2020061FBC7 /* Status Icons */ = {
			isa = PBXGroup;
			children = (
				785F599D15BE76D60061FBC7 /* note.png */,
				785F599815BE75E30061FBC7 /* noteHighlight.png */,
				785F599415BE74E80061FBC7 /* note@2x.png */,
				785F599315BE74E80061FBC7 /* noteHighlight@2x.png */,
				78FC2E4215BE77AB00293304 /* pause.png */,
				785F598215BCC2020061FBC7 /* pauseHighlight.png */,
				78FC2E4315BE77AB00293304 /* pause@2x.png */,
				785F598315BCC2020061FBC7 /* pauseHighlight@2x.png */,
				785F598415BCC2020061FBC7 /* play.png */,
				785F598515BCC2020061FBC7 /* play@2x.png */,
				785F598615BCC2020061FBC7 /* playHighlight.png */,
				785F598715BCC2020061FBC7 /* playHighlight@2x.png */,
			);
			path = "Status Icons";
			sourceTree = "<group>";
		};
		786F152D15BFA0BE004C36B1 /* Library */ = {
			isa = PBXGroup;
			children = (
				786F154D15BFE07A004C36B1 /* NSStatusBar+Undocumented.h */,
				788B5F8415BBF59C006D8691 /* iTunes.h */,
				785F599115BD1E410061FBC7 /* Spotify.h */,
				78FC2E5015BE8C0F00293304 /* MAAttachedWindow.h */,
				78FC2E5115BE8C0F00293304 /* MAAttachedWindow.m */,
			);
			name = Library;
			sourceTree = "<group>";
		};
		788FFCB615C46F5200C6182E /* Format String Component */ = {
			isa = PBXGroup;
			children = (
				788FFCB715C46F7000C6182E /* FormatStringPackage.h */,
				788FFCA915C3A96F00C6182E /* FormatStringModel.h */,
				788FFCAA15C3A96F00C6182E /* FormatStringModel.m */,
				788FFCB315C46E2A00C6182E /* FormatStringController.h */,
				788FFCB415C46E2A00C6182E /* FormatStringController.m */,
				786F152615BE935F004C36B1 /* FormatStringView.h */,
				786F152715BE935F004C36B1 /* FormatStringView.m */,
			);
			name = "Format String Component";
			sourceTree = "<group>";
		};
		78FE49A815C4771400D68AFF /* Display Component */ = {
			isa = PBXGroup;
			children = (
				78FE49A915C4773200D68AFF /* DisplayPackage.h */,
				788FFCAD15C46A6700C6182E /* DisplayModel.h */,
				788FFCAE15C46A6700C6182E /* DisplayModel.m */,
				788FFCB015C46C6F00C6182E /* DisplayController.h */,
				788FFCB115C46C6F00C6182E /* DisplayController.m */,
				7874867C15B942530059D593 /* ScrollingTextView.h */,
				7874867D15B942530059D593 /* ScrollingTextView.m */,
			);
			name = "Display Component";
			sourceTree = "<group>";
		};
		78FE49AE15C48DF300D68AFF /* Player Component */ = {
			isa = PBXGroup;
			children = (
				78FE49AD15C48DCD00D68AFF /* PlayerPackage.h */,
				78FE49AA15C48C2200D68AFF /* PlayerModel.h */,
				78FE49AB15C48C2200D68AFF /* PlayerModel.m */,
				78FE49AF15C4AC3100D68AFF /* PlayerController.h */,
				78FE49B015C4AC3100D68AFF /* PlayerController.m */,
				78FC2E4615BE791100293304 /* PlayerControlView.h */,
				78FC2E4715BE791100293304 /* PlayerControlView.m */,
			);
			name = "Player Component";
			sourceTree = "<group>";
		};
/* End PBXGroup section */

/* Begin PBXNativeTarget section */
		7854A07C15B9202700026D40 /* Bar Tunes */ = {
			isa = PBXNativeTarget;
			buildConfigurationList = 7854A0AF15B9202800026D40 /* Build configuration list for PBXNativeTarget "Bar Tunes" */;
			buildPhases = (
				7854A07915B9202700026D40 /* Sources */,
				7854A07A15B9202700026D40 /* Frameworks */,
				7854A07B15B9202700026D40 /* Resources */,
			);
			buildRules = (
			);
			dependencies = (
			);
			name = "Bar Tunes";
			productName = "Song Ticker";
			productReference = 7854A07D15B9202700026D40 /* Bar Tunes.app */;
			productType = "com.apple.product-type.application";
		};
/* End PBXNativeTarget section */

/* Begin PBXProject section */
		7854A07415B9202700026D40 /* Project object */ = {
			isa = PBXProject;
			attributes = {
				LastUpgradeCheck = 0440;
			};
			buildConfigurationList = 7854A07715B9202700026D40 /* Build configuration list for PBXProject "Bar Tunes" */;
			compatibilityVersion = "Xcode 3.2";
			developmentRegion = English;
			hasScannedForEncodings = 0;
			knownRegions = (
				en,
			);
			mainGroup = 7854A07215B9202700026D40;
			productRefGroup = 7854A07E15B9202700026D40 /* Products */;
			projectDirPath = "";
			projectRoot = "";
			targets = (
				7854A07C15B9202700026D40 /* Bar Tunes */,
			);
		};
/* End PBXProject section */

/* Begin PBXResourcesBuildPhase section */
		7854A07B15B9202700026D40 /* Resources */ = {
			isa = PBXResourcesBuildPhase;
			buildActionMask = 2147483647;
			files = (
				7854A08C15B9202700026D40 /* InfoPlist.strings in Resources */,
				7854A09215B9202700026D40 /* Credits.rtf in Resources */,
				7874867A15B9396F0059D593 /* UI Elements.xib in Resources */,
				785F598A15BCC2020061FBC7 /* pauseHighlight.png in Resources */,
				785F598B15BCC2020061FBC7 /* pauseHighlight@2x.png in Resources */,
				785F598C15BCC2020061FBC7 /* play.png in Resources */,
				785F598D15BCC2020061FBC7 /* play@2x.png in Resources */,
				785F598E15BCC2020061FBC7 /* playHighlight.png in Resources */,
				785F598F15BCC2020061FBC7 /* playHighlight@2x.png in Resources */,
				785F599515BE74E80061FBC7 /* noteHighlight@2x.png in Resources */,
				785F599615BE74E80061FBC7 /* note@2x.png in Resources */,
				785F599A15BE75E30061FBC7 /* noteHighlight.png in Resources */,
				785F599E15BE76D60061FBC7 /* note.png in Resources */,
				78FC2E4415BE77AB00293304 /* pause.png in Resources */,
				78FC2E4515BE77AB00293304 /* pause@2x.png in Resources */,
				78690BA115C12C6E00E383A9 /* DefaultPreferences.plist in Resources */,
			);
			runOnlyForDeploymentPostprocessing = 0;
		};
/* End PBXResourcesBuildPhase section */

/* Begin PBXSourcesBuildPhase section */
		7854A07915B9202700026D40 /* Sources */ = {
			isa = PBXSourcesBuildPhase;
			buildActionMask = 2147483647;
			files = (
				7854A08E15B9202700026D40 /* main.m in Sources */,
				7854A09515B9202700026D40 /* AppDelegate.m in Sources */,
				7874867E15B942530059D593 /* ScrollingTextView.m in Sources */,
				78FC2E4815BE791100293304 /* PlayerControlView.m in Sources */,
				78FC2E5715BE8F1E00293304 /* MAAttachedWindow.m in Sources */,
				786F152815BE935F004C36B1 /* FormatStringView.m in Sources */,
				788FFCAB15C3A96F00C6182E /* FormatStringModel.m in Sources */,
				788FFCAF15C46A6700C6182E /* DisplayModel.m in Sources */,
				788FFCB215C46C6F00C6182E /* DisplayController.m in Sources */,
				788FFCB515C46E2A00C6182E /* FormatStringController.m in Sources */,
				78FE49AC15C48C2200D68AFF /* PlayerModel.m in Sources */,
				78FE49B115C4AC3100D68AFF /* PlayerController.m in Sources */,
			);
			runOnlyForDeploymentPostprocessing = 0;
		};
/* End PBXSourcesBuildPhase section */

/* Begin PBXVariantGroup section */
		7854A08A15B9202700026D40 /* InfoPlist.strings */ = {
			isa = PBXVariantGroup;
			children = (
				7854A08B15B9202700026D40 /* en */,
			);
			name = InfoPlist.strings;
			sourceTree = "<group>";
		};
		7854A09015B9202700026D40 /* Credits.rtf */ = {
			isa = PBXVariantGroup;
			children = (
				7854A09115B9202700026D40 /* en */,
			);
			name = Credits.rtf;
			sourceTree = "<group>";
		};
		7874867815B9396F0059D593 /* UI Elements.xib */ = {
			isa = PBXVariantGroup;
			children = (
				7874867915B9396F0059D593 /* en */,
			);
			name = "UI Elements.xib";
			sourceTree = "<group>";
		};
/* End PBXVariantGroup section */

/* Begin XCBuildConfiguration section */
		7854A0AD15B9202800026D40 /* Debug */ = {
			isa = XCBuildConfiguration;
			buildSettings = {
				ALWAYS_SEARCH_USER_PATHS = NO;
				ARCHS = "$(ARCHS_STANDARD_64_BIT)";
				CLANG_ENABLE_OBJC_ARC = YES;
				COPY_PHASE_STRIP = NO;
				GCC_C_LANGUAGE_STANDARD = gnu99;
				GCC_DYNAMIC_NO_PIC = NO;
				GCC_ENABLE_OBJC_EXCEPTIONS = YES;
				GCC_OPTIMIZATION_LEVEL = 0;
				GCC_PREPROCESSOR_DEFINITIONS = (
					"DEBUG=1",
					"$(inherited)",
				);
				GCC_SYMBOLS_PRIVATE_EXTERN = NO;
				GCC_VERSION = com.apple.compilers.llvm.clang.1_0;
				GCC_WARN_64_TO_32_BIT_CONVERSION = YES;
				GCC_WARN_ABOUT_RETURN_TYPE = YES;
				GCC_WARN_UNINITIALIZED_AUTOS = YES;
				GCC_WARN_UNUSED_VARIABLE = YES;
				MACOSX_DEPLOYMENT_TARGET = 10.7;
				ONLY_ACTIVE_ARCH = YES;
				SDKROOT = macosx;
			};
			name = Debug;
		};
		7854A0AE15B9202800026D40 /* Release */ = {
			isa = XCBuildConfiguration;
			buildSettings = {
				ALWAYS_SEARCH_USER_PATHS = NO;
				ARCHS = "$(ARCHS_STANDARD_64_BIT)";
				CLANG_ENABLE_OBJC_ARC = YES;
				COPY_PHASE_STRIP = YES;
				DEBUG_INFORMATION_FORMAT = "dwarf-with-dsym";
				GCC_C_LANGUAGE_STANDARD = gnu99;
				GCC_ENABLE_OBJC_EXCEPTIONS = YES;
				GCC_VERSION = com.apple.compilers.llvm.clang.1_0;
				GCC_WARN_64_TO_32_BIT_CONVERSION = YES;
				GCC_WARN_ABOUT_RETURN_TYPE = YES;
				GCC_WARN_UNINITIALIZED_AUTOS = YES;
				GCC_WARN_UNUSED_VARIABLE = YES;
				MACOSX_DEPLOYMENT_TARGET = 10.7;
				SDKROOT = macosx;
			};
			name = Release;
		};
		7854A0B015B9202800026D40 /* Debug */ = {
			isa = XCBuildConfiguration;
			buildSettings = {
				COMBINE_HIDPI_IMAGES = YES;
				GCC_PRECOMPILE_PREFIX_HEADER = YES;
				GCC_PREFIX_HEADER = "Song Ticker/Bar Tunes-Prefix.pch";
				INFOPLIST_FILE = "Song Ticker/Bar Tunes-Info.plist";
				PRODUCT_NAME = "Bar Tunes";
				WRAPPER_EXTENSION = app;
			};
			name = Debug;
		};
		7854A0B115B9202800026D40 /* Release */ = {
			isa = XCBuildConfiguration;
			buildSettings = {
				COMBINE_HIDPI_IMAGES = YES;
				GCC_PRECOMPILE_PREFIX_HEADER = YES;
				GCC_PREFIX_HEADER = "Song Ticker/Bar Tunes-Prefix.pch";
				INFOPLIST_FILE = "Song Ticker/Bar Tunes-Info.plist";
				PRODUCT_NAME = "Bar Tunes";
				WRAPPER_EXTENSION = app;
			};
			name = Release;
		};
/* End XCBuildConfiguration section */

/* Begin XCConfigurationList section */
		7854A07715B9202700026D40 /* Build configuration list for PBXProject "Bar Tunes" */ = {
			isa = XCConfigurationList;
			buildConfigurations = (
				7854A0AD15B9202800026D40 /* Debug */,
				7854A0AE15B9202800026D40 /* Release */,
			);
			defaultConfigurationIsVisible = 0;
			defaultConfigurationName = Release;
		};
		7854A0AF15B9202800026D40 /* Build configuration list for PBXNativeTarget "Bar Tunes" */ = {
			isa = XCConfigurationList;
			buildConfigurations = (
				7854A0B015B9202800026D40 /* Debug */,
				7854A0B115B9202800026D40 /* Release */,
			);
			defaultConfigurationIsVisible = 0;
			defaultConfigurationName = Release;
		};
/* End XCConfigurationList section */
	};
	rootObject = 7854A07415B9202700026D40 /* Project object */;
}
